<?xml version="1.0" encoding="utf-8"?>
<Project ToolsVersion="4.0" xmlns="http://schemas.microsoft.com/developer/msbuild/2003">
  <ItemGroup>
    <Filter Include="Source Files">
      <UniqueIdentifier>{4FC737F1-C7A5-4376-A066-2A32D752A2FF}</UniqueIdentifier>
      <Extensions>cpp;c;cc;cxx;c++;def;odl;idl;hpj;bat;asm;asmx</Extensions>
    </Filter>
    <Filter Include="Resource Files">
      <UniqueIdentifier>{67DA6AB6-F800-4c08-8B7A-83BB121AAD01}</UniqueIdentifier>
      <Extensions>rc;ico;cur;bmp;dlg;rc2;rct;bin;rgs;gif;jpg;jpeg;jpe;resx;tiff;tif;png;wav;mfcribbon-ms</Extensions>
    </Filter>
    <Filter Include="Logger">
      <UniqueIdentifier>{b1420faa-8511-4d67-b082-ba33944dc577}</UniqueIdentifier>
    </Filter>
    <Filter Include="Sensors">
      <UniqueIdentifier>{fb4232bd-4550-4346-b124-a812144a0418}</UniqueIdentifier>
    </Filter>
    <Filter Include="Configs">
      <UniqueIdentifier>{f6c28b78-0101-42e6-a22f-44017aef06e7}</UniqueIdentifier>
    </Filter>
    <Filter Include="DataProcessor">
      <UniqueIdentifier>{aa646a3b-3266-4449-b8be-85ec43c3e89f}</UniqueIdentifier>
    </Filter>
    <Filter Include="Application">
      <UniqueIdentifier>{bbce5437-942e-45b1-b165-8169b9f92035}</UniqueIdentifier>
    </Filter>
  </ItemGroup>
  <ItemGroup>
    <ClCompile Include="main.cpp">
      <Filter>Source Files</Filter>
    </ClCompile>
  </ItemGroup>
  <ItemGroup>
    <ClInclude Include="ISensor.h">
      <Filter>Sensors</Filter>
    </ClInclude>
    <ClInclude Include="RealSensor.h">
      <Filter>Sensors</Filter>
    </ClInclude>
    <ClInclude Include="FakeSensor.h">
      <Filter>Sensors</Filter>
    </ClInclude>
    <ClInclude Include="InterfaceLogger.h">
      <Filter>Logger</Filter>
    </ClInclude>
    <ClInclude Include="ConsoleLogger.h">
      <Filter>Logger</Filter>
    </ClInclude>
    <ClInclude Include="SensorProcessor.h">
      <Filter>DataProcessor</Filter>
    </ClInclude>
    <ClInclude Include="Config.h">
      <Filter>Configs</Filter>
    </ClInclude>
    <ClInclude Include="SurveySeabed.h">
      <Filter>Application</Filter>
    </ClInclude>
    <ClInclude Include="CheckRunCondition.h">
      <Filter>Application</Filter>
    </ClInclude>
  </ItemGroup>
  <ItemGroup>
    <None Include="DebugMode.cfg">
      <Filter>Configs</Filter>
    </None>
  </ItemGroup>
  <ItemGroup>
    <Text Include="config.cfg">
      <Filter>Configs</Filter>
    </Text>
  </ItemGroup>
</Project>